
Microsoft Visual Studio Solution File, Format Version 12.00
# Visual Studio Version 17
VisualStudioVersion = 17.5.33502.453
MinimumVisualStudioVersion = 10.0.40219.1
Project("{9A19103F-16F7-4668-BE54-9A1E7A4F7556}") = "Disaheim", "Disaheim\Disaheim.csproj", "{BF9CC69E-9F0D-4610-A5B1-DBBFB65245F5}"
EndProject
Project("{9A19103F-16F7-4668-BE54-9A1E7A4F7556}") = "DisaheimTest", "DisaheimTest\DisaheimTest.csproj", "{3B19AC6B-A135-4B2C-86C7-EBC07056EDDD}"
EndProject
Global
	GlobalSection(SolutionConfigurationPlatforms) = preSolution
		Debug|Any CPU = Debug|Any CPU
		Release|Any CPU = Release|Any CPU
	EndGlobalSection
	GlobalSection(ProjectConfigurationPlatforms) = postSolution
		{BF9CC69E-9F0D-4610-A5B1-DBBFB65245F5}.Debug|Any CPU.ActiveCfg = Debug|Any CPU
		{BF9CC69E-9F0D-4610-A5B1-DBBFB65245F5}.Debug|Any CPU.Build.0 = Debug|Any CPU
		{BF9CC69E-9F0D-4610-A5B1-DBBFB65245F5}.Release|Any CPU.ActiveCfg = Release|Any CPU
		{BF9CC69E-9F0D-4610-A5B1-DBBFB65245F5}.Release|Any CPU.Build.0 = Release|Any CPU
		{3B19AC6B-A135-4B2C-86C7-EBC07056EDDD}.Debug|Any CPU.ActiveCfg = Debug|Any CPU
		{3B19AC6B-A135-4B2C-86C7-EBC07056EDDD}.Debug|Any CPU.Build.0 = Debug|Any CPU
		{3B19AC6B-A135-4B2C-86C7-EBC07056EDDD}.Release|Any CPU.ActiveCfg = Release|Any CPU
		{3B19AC6B-A135-4B2C-86C7-EBC07056EDDD}.Release|Any CPU.Build.0 = Release|Any CPU
	EndGlobalSection
	GlobalSection(SolutionProperties) = preSolution
		HideSolutionNode = FALSE
	EndGlobalSection
	GlobalSection(ExtensibilityGlobals) = postSolution
		SolutionGuid = {DF384B87-EC25-4744-9291-E3073A8B7848}
	EndGlobalSection
EndGlobal
